// !$*UTF8*$!
{
	archiveVersion = 1;
	classes = {
	};
	objectVersion = 46;
	objects = {

/* Begin PBXBuildFile section */
		F352A01C1E68824F0038A3F5 /* common.cpp in Sources */ = {isa = PBXBuildFile; fileRef = F352A0181E68824F0038A3F5 /* common.cpp */; };
		F352A01D1E68824F0038A3F5 /* macho.cpp in Sources */ = {isa = PBXBuildFile; fileRef = F352A01A1E68824F0038A3F5 /* macho.cpp */; };
		F352A01F1E6882770038A3F5 /* main.cpp in Sources */ = {isa = PBXBuildFile; fileRef = F352A01E1E6882770038A3F5 /* main.cpp */; };
/* End PBXBuildFile section */

/* Begin PBXCopyFilesBuildPhase section */
		F352A00C1E68821F0038A3F5 /* CopyFiles */ = {
			isa = PBXCopyFilesBuildPhase;
			buildActionMask = 2147483647;
			dstPath = /usr/share/man/man1/;
			dstSubfolderSpec = 0;
			files = (
			);
			runOnlyForDeploymentPostprocessing = 1;
		};
/* End PBXCopyFilesBuildPhase section */

/* Begin PBXFileReference section */
		F352A00E1E6882200038A3F5 /* dumpRuntimeMacho */ = {isa = PBXFileReference; explicitFileType = "compiled.mach-o.executable"; includeInIndex = 0; path = dumpRuntimeMacho; sourceTree = BUILT_PRODUCTS_DIR; };
		F352A0181E68824F0038A3F5 /* common.cpp */ = {isa = PBXFileReference; fileEncoding = 4; lastKnownFileType = sourcecode.cpp.cpp; path = common.cpp; sourceTree = "<group>"; };
		F352A0191E68824F0038A3F5 /* common.hpp */ = {isa = PBXFileReference; fileEncoding = 4; lastKnownFileType = sourcecode.cpp.h; path = common.hpp; sourceTree = "<group>"; };
		F352A01A1E68824F0038A3F5 /* macho.cpp */ = {isa = PBXFileReference; fileEncoding = 4; lastKnownFileType = sourcecode.cpp.cpp; path = macho.cpp; sourceTree = "<group>"; };
		F352A01B1E68824F0038A3F5 /* macho.hpp */ = {isa = PBXFileReference; fileEncoding = 4; lastKnownFileType = sourcecode.cpp.h; path = macho.hpp; sourceTree = "<group>"; };
		F352A01E1E6882770038A3F5 /* main.cpp */ = {isa = PBXFileReference; fileEncoding = 4; lastKnownFileType = sourcecode.cpp.cpp; path = main.cpp; sourceTree = "<group>"; };
/* End PBXFileReference section */

/* Begin PBXFrameworksBuildPhase section */
		F352A00B1E68821F0038A3F5 /* Frameworks */ = {
			isa = PBXFrameworksBuildPhase;
			buildActionMask = 2147483647;
			files = (
			);
			runOnlyForDeploymentPostprocessing = 0;
		};
/* End PBXFrameworksBuildPhase section */

/* Begin PBXGroup section */
		F352A0051E68821F0038A3F5 = {
			isa = PBXGroup;
			children = (
				F352A0101E6882200038A3F5 /* dumpRuntimeMacho */,
				F352A00F1E6882200038A3F5 /* Products */,
			);
			sourceTree = "<group>";
		};
		F352A00F1E6882200038A3F5 /* Products */ = {
			isa = PBXGroup;
			children = (
				F352A00E1E6882200038A3F5 /* dumpRuntimeMacho */,
			);
			name = Products;
			sourceTree = "<group>";
		};
		F352A0101E6882200038A3F5 /* dumpRuntimeMacho */ = {
			isa = PBXGroup;
			children = (
				F352A0181E68824F0038A3F5 /* common.cpp */,
				F352A0191E68824F0038A3F5 /* common.hpp */,
				F352A01E1E6882770038A3F5 /* main.cpp */,
				F352A01A1E68824F0038A3F5 /* macho.cpp */,
				F352A01B1E68824F0038A3F5 /* macho.hpp */,
			);
			path = dumpRuntimeMacho;
			sourceTree = "<group>";
		};
/* End PBXGroup section */

/* Begin PBXNativeTarget section */
		F352A00D1E68821F0038A3F5 /* dumpRuntimeMacho */ = {
			isa = PBXNativeTarget;
			buildConfigurationList = F352A0151E6882200038A3F5 /* Build configuration list for PBXNativeTarget "dumpRuntimeMacho" */;
			buildPhases = (
				F352A00A1E68821F0038A3F5 /* Sources */,
				F352A00B1E68821F0038A3F5 /* Frameworks */,
				F352A00C1E68821F0038A3F5 /* CopyFiles */,
			);
			buildRules = (
			);
			dependencies = (
			);
			name = dumpRuntimeMacho;
			productName = dumpRuntimeMacho;
			productReference = F352A00E1E6882200038A3F5 /* dumpRuntimeMacho */;
			productType = "com.apple.product-type.tool";
		};
/* End PBXNativeTarget section */

/* Begin PBXProject section */
		F352A0061E68821F0038A3F5 /* Project object */ = {
			isa = PBXProject;
			attributes = {
				LastUpgradeCheck = 0810;
				ORGANIZATIONNAME = spiderzz;
				TargetAttributes = {
					F352A00D1E68821F0038A3F5 = {
						CreatedOnToolsVersion = 8.1;
						ProvisioningStyle = Automatic;
					};
				};
			};
			buildConfigurationList = F352A0091E68821F0038A3F5 /* Build configuration list for PBXProject "dumpRuntimeMacho" */;
			compatibilityVersion = "Xcode 3.2";
			developmentRegion = English;
			hasScannedForEncodings = 0;
			knownRegions = (
				en,
			);
			mainGroup = F352A0051E68821F0038A3F5;
			productRefGroup = F352A00F1E6882200038A3F5 /* Products */;
			projectDirPath = "";
			projectRoot = "";
			targets = (
				F352A00D1E68821F0038A3F5 /* dumpRuntimeMacho */,
			);
		};
/* End PBXProject section */

/* Begin PBXSourcesBuildPhase section */
		F352A00A1E68821F0038A3F5 /* Sources */ = {
			isa = PBXSourcesBuildPhase;
			buildActionMask = 2147483647;
			files = (
				F352A01D1E68824F0038A3F5 /* macho.cpp in Sources */,
				F352A01C1E68824F0038A3F5 /* common.cpp in Sources */,
				F352A01F1E6882770038A3F5 /* main.cpp in Sources */,
			);
			runOnlyForDeploymentPostprocessing = 0;
		};
/* End PBXSourcesBuildPhase section */

/* Begin XCBuildConfiguration section */
		F352A0131E6882200038A3F5 /* Debug */ = {
			isa = XCBuildConfiguration;
			buildSettings = {
				ALWAYS_SEARCH_USER_PATHS = NO;
				CLANG_ANALYZER_NONNULL = YES;
				CLANG_CXX_LANGUAGE_STANDARD = "gnu++0x";
				CLANG_CXX_LIBRARY = "libc++";
				CLANG_ENABLE_MODULES = YES;
				CLANG_ENABLE_OBJC_ARC = YES;
				CLANG_WARN_BOOL_CONVERSION = YES;
				CLANG_WARN_CONSTANT_CONVERSION = YES;
				CLANG_WARN_DIRECT_OBJC_ISA_USAGE = YES_ERROR;
				CLANG_WARN_DOCUMENTATION_COMMENTS = YES;
				CLANG_WARN_EMPTY_BODY = YES;
				CLANG_WARN_ENUM_CONVERSION = YES;
				CLANG_WARN_INFINITE_RECURSION = YES;
				CLANG_WARN_INT_CONVERSION = YES;
				CLANG_WARN_OBJC_ROOT_CLASS = YES_ERROR;
				CLANG_WARN_SUSPICIOUS_MOVES = YES;
				CLANG_WARN_UNREACHABLE_CODE = YES;
				CLANG_WARN__DUPLICATE_METHOD_MATCH = YES;
				CODE_SIGN_IDENTITY = "-";
				COPY_PHASE_STRIP = NO;
				DEBUG_INFORMATION_FORMAT = dwarf;
				ENABLE_STRICT_OBJC_MSGSEND = YES;
				ENABLE_TESTABILITY = YES;
				GCC_C_LANGUAGE_STANDARD = gnu99;
				GCC_DYNAMIC_NO_PIC = NO;
				GCC_NO_COMMON_BLOCKS = YES;
				GCC_OPTIMIZATION_LEVEL = 0;
				GCC_PREPROCESSOR_DEFINITIONS = (
					"DEBUG=1",
					"$(inherited)",
				);
				GCC_WARN_64_TO_32_BIT_CONVERSION = YES;
				GCC_WARN_ABOUT_RETURN_TYPE = YES_ERROR;
				GCC_WARN_UNDECLARED_SELECTOR = YES;
				GCC_WARN_UNINITIALIZED_AUTOS = YES_AGGRESSIVE;
				GCC_WARN_UNUSED_FUNCTION = YES;
				GCC_WARN_UNUSED_VARIABLE = YES;
				MACOSX_DEPLOYMENT_TARGET = 10.12;
				MTL_ENABLE_DEBUG_INFO = YES;
				ONLY_ACTIVE_ARCH = YES;
				SDKROOT = macosx;
			};
			name = Debug;
		};
		F352A0141E6882200038A3F5 /* Release */ = {
			isa = XCBuildConfiguration;
			buildSettings = {
				ALWAYS_SEARCH_USER_PATHS = NO;
				CLANG_ANALYZER_NONNULL = YES;
				CLANG_CXX_LANGUAGE_STANDARD = "gnu++0x";
				CLANG_CXX_LIBRARY = "libc++";
				CLANG_ENABLE_MODULES = YES;
				CLANG_ENABLE_OBJC_ARC = YES;
				CLANG_WARN_BOOL_CONVERSION = YES;
				CLANG_WARN_CONSTANT_CONVERSION = YES;
				CLANG_WARN_DIRECT_OBJC_ISA_USAGE = YES_ERROR;
				CLANG_WARN_DOCUMENTATION_COMMENTS = YES;
				CLANG_WARN_EMPTY_BODY = YES;
				CLANG_WARN_ENUM_CONVERSION = YES;
				CLANG_WARN_INFINITE_RECURSION = YES;
				CLANG_WARN_INT_CONVERSION = YES;
				CLANG_WARN_OBJC_ROOT_CLASS = YES_ERROR;
				CLANG_WARN_SUSPICIOUS_MOVES = YES;
				CLANG_WARN_UNREACHABLE_CODE = YES;
				CLANG_WARN__DUPLICATE_METHOD_MATCH = YES;
				CODE_SIGN_IDENTITY = "-";
				COPY_PHASE_STRIP = NO;
				DEBUG_INFORMATION_FORMAT = "dwarf-with-dsym";
				ENABLE_NS_ASSERTIONS = NO;
				ENABLE_STRICT_OBJC_MSGSEND = YES;
				GCC_C_LANGUAGE_STANDARD = gnu99;
				GCC_NO_COMMON_BLOCKS = YES;
				GCC_WARN_64_TO_32_BIT_CONVERSION = YES;
				GCC_WARN_ABOUT_RETURN_TYPE = YES_ERROR;
				GCC_WARN_UNDECLARED_SELECTOR = YES;
				GCC_WARN_UNINITIALIZED_AUTOS = YES_AGGRESSIVE;
				GCC_WARN_UNUSED_FUNCTION = YES;
				GCC_WARN_UNUSED_VARIABLE = YES;
				MACOSX_DEPLOYMENT_TARGET = 10.12;
				MTL_ENABLE_DEBUG_INFO = NO;
				SDKROOT = macosx;
			};
			name = Release;
		};
		F352A0161E6882200038A3F5 /* Debug */ = {
			isa = XCBuildConfiguration;
			buildSettings = {
				PRODUCT_NAME = "$(TARGET_NAME)";
			};
			name = Debug;
		};
		F352A0171E6882200038A3F5 /* Release */ = {
			isa = XCBuildConfiguration;
			buildSettings = {
				PRODUCT_NAME = "$(TARGET_NAME)";
			};
			name = Release;
		};
/* End XCBuildConfiguration section */

/* Begin XCConfigurationList section */
		F352A0091E68821F0038A3F5 /* Build configuration list for PBXProject "dumpRuntimeMacho" */ = {
			isa = XCConfigurationList;
			buildConfigurations = (
				F352A0131E6882200038A3F5 /* Debug */,
				F352A0141E6882200038A3F5 /* Release */,
			);
			defaultConfigurationIsVisible = 0;
			defaultConfigurationName = Release;
		};
		F352A0151E6882200038A3F5 /* Build configuration list for PBXNativeTarget "dumpRuntimeMacho" */ = {
			isa = XCConfigurationList;
			buildConfigurations = (
				F352A0161E6882200038A3F5 /* Debug */,
				F352A0171E6882200038A3F5 /* Release */,
			);
			defaultConfigurationIsVisible = 0;
		};
/* End XCConfigurationList section */
	};
	rootObject = F352A0061E68821F0038A3F5 /* Project object */;
}
